
Microsoft Visual Studio Solution File, Format Version 12.00
# Visual Studio Version 16
VisualStudioVersion = 16.0.29613.14
MinimumVisualStudioVersion = 10.0.40219.1
Project("{FAE04EC0-301F-11D3-BF4B-00C04F79EFBC}") = "EncodeousTunnel", "EncodeousTunnel\EncodeousTunnel.csproj", "{0E905CAE-2BCE-49A5-9950-E511EC39A9AB}"
EndProject
Global
	GlobalSection(SolutionConfigurationPlatforms) = preSolution
		Debug|Any CPU = Debug|Any CPU
		Release|Any CPU = Release|Any CPU
	EndGlobalSection
	GlobalSection(ProjectConfigurationPlatforms) = postSolution
		{0E905CAE-2BCE-49A5-9950-E511EC39A9AB}.Debug|Any CPU.ActiveCfg = Debug|Any CPU
		{0E905CAE-2BCE-49A5-9950-E511EC39A9AB}.Debug|Any CPU.Build.0 = Debug|Any CPU
		{0E905CAE-2BCE-49A5-9950-E511EC39A9AB}.Release|Any CPU.ActiveCfg = Release|Any CPU
		{0E905CAE-2BCE-49A5-9950-E511EC39A9AB}.Release|Any CPU.Build.0 = Release|Any CPU
	EndGlobalSection
	GlobalSection(SolutionProperties) = preSolution
		HideSolutionNode = FALSE
	EndGlobalSection
	GlobalSection(ExtensibilityGlobals) = postSolution
		SolutionGuid = {3B789912-7A94-4C6D-A610-8F8CA74139F3}
	EndGlobalSection
EndGlobal
